<Solution>
  <Folder Name="/src/">
    <Project Path="src/PowerPlantCodingChallenge.Api/PowerPlantCodingChallenge.Api.csproj" />
    <Project Path="src/PowerPlantCodingChallenge.Application/PowerPlantCodingChallenge.Application.csproj" />
  </Folder>
  <Folder Name="/tests/">
    <Project Path="tests/PowerPlantCodingChallenge.FunctionalTests/PowerPlantCodingChallenge.FunctionalTests.csproj" />
    <Project Path="tests/PowerPlantCodingChallenge.UnitTests/PowerPlantCodingChallenge.UnitTests.csproj" />
  </Folder>
</Solution>
